go.etcd.io/bbolt v1.3.6 h1:/ecaJf0sk1l4l6V4awd65v2C3ILy7MSj+s/x1ADCIMU=
go.etcd.io/bbolt v1.3.6/go.mod h1:qXsaaIqmgQH0T+OPdb99Bf+PKfBBQVAdyD6TY9G8XM4=
golang.org/x/crypto v0.0.0-20220829220503-c86fa9a7ed90 h1:Y/gsMcFOcR+6S6f3YeMKl5g+dZMEWqcz5Czj/GWYbkM=
golang.org/x/crypto v0.0.0-20220829220503-c86fa9a7ed90/go.mod h1:IxCIyHEi3zRg3s0A5j5BB6A9Jmi73HwBIUl50j+osU4=
golang.org/x/sys v0.0.0-20200923182605-d9f96fdee20d/go.mod h1:h1NjWce9XRLGQEsW7wpKNCjG9DtNlClVuFLEZdDNbEs=
golang.org/x/sys v0.0.0-20210615035016-665e8c7367d1 h1:SrN+KX8Art/Sf4HNj6Zcz06G7VEz+7w9tdXTPOZ7+l4=
golang.org/x/sys v0.0.0-20210615035016-665e8c7367d1/go.mod h1:oPkhp1MJrh7nUepCBck5+mAzfO9JrbApNNgaTdGDITg=
golang.org/x/sys v0.0.0-20220829200755-d48e67d00261 h1:v6hYoSR9T5oet+pMXwUWkbiVqx/63mlHjefrHmxwfeY=
golang.org/x/sys v0.0.0-20220829200755-d48e67d00261/go.mod h1:oPkhp1MJrh7nUepCBck5+mAzfO9JrbApNNgaTdGDITg=
golang.org/x/term v0.0.0-20201126162022-7de9c90e9dd1 h1:v+OssWQX+hTHEmOBgwxdZxK4zHq3yOs8F9J7mk0PY8E=
